
Microsoft Visual Studio Solution File, Format Version 12.00
# Visual Studio Version 16
VisualStudioVersion = 16.0.29709.97
MinimumVisualStudioVersion = 10.0.40219.1
Project("{9A19103F-16F7-4668-BE54-9A1E7A4F7556}") = "GoldDiggerApi", "GoldDiggerApi\GoldDiggerApi.csproj", "{83DC783E-57F2-4358-8472-59B38E8791F3}"
EndProject
Project("{9A19103F-16F7-4668-BE54-9A1E7A4F7556}") = "GoldDiggerConsole", "GoldDiggerConsole\GoldDiggerConsole.csproj", "{20010BAC-8748-4C55-AD43-0805B72F2571}"
EndProject
Project("{9A19103F-16F7-4668-BE54-9A1E7A4F7556}") = "GoldDiggerDesktop", "GoldDiggerDesktop\GoldDiggerDesktop.csproj", "{8E068461-EDF8-40AB-AFB3-6B63544FB796}"
EndProject
Project("{2150E333-8FDC-42A3-9474-1A3956D46DE8}") = "Solution Items", "Solution Items", "{E1FFF2B1-81CA-4934-B40A-6C4CD9E7EDF2}"
	ProjectSection(SolutionItems) = preProject
		Communications.txt = Communications.txt
	EndProjectSection
EndProject
Project("{9A19103F-16F7-4668-BE54-9A1E7A4F7556}") = "GoldDiggerCommunication", "GoldDiggerCommunication\GoldDiggerCommunication.csproj", "{40CE52F4-7199-45B2-87A6-7A2F89CD8653}"
EndProject
Project("{FAE04EC0-301F-11D3-BF4B-00C04F79EFBC}") = "GoldDiggerAndroid.Android", "GoldDiggerAndroid\GoldDiggerAndroid.Android\GoldDiggerAndroid.Android.csproj", "{FDB525B1-957A-40E4-B6CA-1D86FDA4DDBF}"
EndProject
Project("{FAE04EC0-301F-11D3-BF4B-00C04F79EFBC}") = "GoldDiggerAndroid", "GoldDiggerAndroid\GoldDiggerAndroid\GoldDiggerAndroid.csproj", "{23D43F00-C6D1-4DE0-BD2C-D95E7714A3FB}"
EndProject
Global
	GlobalSection(SolutionConfigurationPlatforms) = preSolution
		Debug|Any CPU = Debug|Any CPU
		Release|Any CPU = Release|Any CPU
	EndGlobalSection
	GlobalSection(ProjectConfigurationPlatforms) = postSolution
		{83DC783E-57F2-4358-8472-59B38E8791F3}.Debug|Any CPU.ActiveCfg = Debug|Any CPU
		{83DC783E-57F2-4358-8472-59B38E8791F3}.Debug|Any CPU.Build.0 = Debug|Any CPU
		{83DC783E-57F2-4358-8472-59B38E8791F3}.Release|Any CPU.ActiveCfg = Release|Any CPU
		{83DC783E-57F2-4358-8472-59B38E8791F3}.Release|Any CPU.Build.0 = Release|Any CPU
		{20010BAC-8748-4C55-AD43-0805B72F2571}.Debug|Any CPU.ActiveCfg = Debug|Any CPU
		{20010BAC-8748-4C55-AD43-0805B72F2571}.Debug|Any CPU.Build.0 = Debug|Any CPU
		{20010BAC-8748-4C55-AD43-0805B72F2571}.Release|Any CPU.ActiveCfg = Release|Any CPU
		{20010BAC-8748-4C55-AD43-0805B72F2571}.Release|Any CPU.Build.0 = Release|Any CPU
		{8E068461-EDF8-40AB-AFB3-6B63544FB796}.Debug|Any CPU.ActiveCfg = Debug|Any CPU
		{8E068461-EDF8-40AB-AFB3-6B63544FB796}.Debug|Any CPU.Build.0 = Debug|Any CPU
		{8E068461-EDF8-40AB-AFB3-6B63544FB796}.Release|Any CPU.ActiveCfg = Release|Any CPU
		{8E068461-EDF8-40AB-AFB3-6B63544FB796}.Release|Any CPU.Build.0 = Release|Any CPU
		{40CE52F4-7199-45B2-87A6-7A2F89CD8653}.Debug|Any CPU.ActiveCfg = Debug|Any CPU
		{40CE52F4-7199-45B2-87A6-7A2F89CD8653}.Debug|Any CPU.Build.0 = Debug|Any CPU
		{40CE52F4-7199-45B2-87A6-7A2F89CD8653}.Release|Any CPU.ActiveCfg = Release|Any CPU
		{40CE52F4-7199-45B2-87A6-7A2F89CD8653}.Release|Any CPU.Build.0 = Release|Any CPU
		{FDB525B1-957A-40E4-B6CA-1D86FDA4DDBF}.Debug|Any CPU.ActiveCfg = Debug|Any CPU
		{FDB525B1-957A-40E4-B6CA-1D86FDA4DDBF}.Debug|Any CPU.Build.0 = Debug|Any CPU
		{FDB525B1-957A-40E4-B6CA-1D86FDA4DDBF}.Debug|Any CPU.Deploy.0 = Debug|Any CPU
		{FDB525B1-957A-40E4-B6CA-1D86FDA4DDBF}.Release|Any CPU.ActiveCfg = Release|Any CPU
		{FDB525B1-957A-40E4-B6CA-1D86FDA4DDBF}.Release|Any CPU.Build.0 = Release|Any CPU
		{FDB525B1-957A-40E4-B6CA-1D86FDA4DDBF}.Release|Any CPU.Deploy.0 = Release|Any CPU
		{23D43F00-C6D1-4DE0-BD2C-D95E7714A3FB}.Debug|Any CPU.ActiveCfg = Debug|Any CPU
		{23D43F00-C6D1-4DE0-BD2C-D95E7714A3FB}.Debug|Any CPU.Build.0 = Debug|Any CPU
		{23D43F00-C6D1-4DE0-BD2C-D95E7714A3FB}.Release|Any CPU.ActiveCfg = Release|Any CPU
		{23D43F00-C6D1-4DE0-BD2C-D95E7714A3FB}.Release|Any CPU.Build.0 = Release|Any CPU
	EndGlobalSection
	GlobalSection(SolutionProperties) = preSolution
		HideSolutionNode = FALSE
	EndGlobalSection
	GlobalSection(ExtensibilityGlobals) = postSolution
		SolutionGuid = {EE3F6239-357B-4BD2-87E7-6C2169349E6B}
	EndGlobalSection
EndGlobal
