
Microsoft Visual Studio Solution File, Format Version 12.00
# Visual Studio Version 16
VisualStudioVersion = 16.0.29709.97
MinimumVisualStudioVersion = 10.0.40219.1
Project("{9A19103F-16F7-4668-BE54-9A1E7A4F7556}") = "GoldDiggerApi", "GoldDiggerApi\GoldDiggerApi.csproj", "{83DC783E-57F2-4358-8472-59B38E8791F3}"
EndProject
Project("{9A19103F-16F7-4668-BE54-9A1E7A4F7556}") = "GoldDiggerConsole", "GoldDiggerConsole\GoldDiggerConsole.csproj", "{20010BAC-8748-4C55-AD43-0805B72F2571}"
EndProject
Global
	GlobalSection(SolutionConfigurationPlatforms) = preSolution
		Debug|Any CPU = Debug|Any CPU
		Release|Any CPU = Release|Any CPU
	EndGlobalSection
	GlobalSection(ProjectConfigurationPlatforms) = postSolution
		{83DC783E-57F2-4358-8472-59B38E8791F3}.Debug|Any CPU.ActiveCfg = Debug|Any CPU
		{83DC783E-57F2-4358-8472-59B38E8791F3}.Debug|Any CPU.Build.0 = Debug|Any CPU
		{83DC783E-57F2-4358-8472-59B38E8791F3}.Release|Any CPU.ActiveCfg = Release|Any CPU
		{83DC783E-57F2-4358-8472-59B38E8791F3}.Release|Any CPU.Build.0 = Release|Any CPU
		{20010BAC-8748-4C55-AD43-0805B72F2571}.Debug|Any CPU.ActiveCfg = Debug|Any CPU
		{20010BAC-8748-4C55-AD43-0805B72F2571}.Debug|Any CPU.Build.0 = Debug|Any CPU
		{20010BAC-8748-4C55-AD43-0805B72F2571}.Release|Any CPU.ActiveCfg = Release|Any CPU
		{20010BAC-8748-4C55-AD43-0805B72F2571}.Release|Any CPU.Build.0 = Release|Any CPU
	EndGlobalSection
	GlobalSection(SolutionProperties) = preSolution
		HideSolutionNode = FALSE
	EndGlobalSection
	GlobalSection(ExtensibilityGlobals) = postSolution
		SolutionGuid = {EE3F6239-357B-4BD2-87E7-6C2169349E6B}
	EndGlobalSection
EndGlobal
