
Microsoft Visual Studio Solution File, Format Version 12.00
# Visual Studio Version 16
VisualStudioVersion = 16.0.29709.97
MinimumVisualStudioVersion = 10.0.40219.1
Project("{9A19103F-16F7-4668-BE54-9A1E7A4F7556}") = "Console", "GoldDiggerConsole\Console.csproj", "{20010BAC-8748-4C55-AD43-0805B72F2571}"
EndProject
Project("{9A19103F-16F7-4668-BE54-9A1E7A4F7556}") = "GoldDiggerDesktop", "GoldDiggerDesktop\GoldDiggerDesktop.csproj", "{8E068461-EDF8-40AB-AFB3-6B63544FB796}"
EndProject
Project("{2150E333-8FDC-42A3-9474-1A3956D46DE8}") = "Solution Items", "Solution Items", "{E1FFF2B1-81CA-4934-B40A-6C4CD9E7EDF2}"
	ProjectSection(SolutionItems) = preProject
		Communications.txt = Communications.txt
	EndProjectSection
EndProject
Project("{FAE04EC0-301F-11D3-BF4B-00C04F79EFBC}") = "Common", "Common\Common.csproj", "{DC72EEC6-4DCC-4EF4-8492-0C2DAAD64947}"
EndProject
Project("{FAE04EC0-301F-11D3-BF4B-00C04F79EFBC}") = "API", "API\API.csproj", "{79E969BE-A433-4B50-9F9F-0700AA967438}"
EndProject
Project("{FAE04EC0-301F-11D3-BF4B-00C04F79EFBC}") = "Communications", "Communications\Communications.csproj", "{22FEF729-9EF8-4615-816E-0A39735AE9D3}"
EndProject
Project("{FAE04EC0-301F-11D3-BF4B-00C04F79EFBC}") = "Mobile.Android", "Mobile\Mobile.Android\Mobile.Android.csproj", "{F41651BD-73F4-4866-98B8-908D02994E75}"
EndProject
Project("{FAE04EC0-301F-11D3-BF4B-00C04F79EFBC}") = "Mobile", "Mobile\Mobile\Mobile.csproj", "{0BE496D5-4DE1-4AA3-ADA9-46A66A9ECA03}"
EndProject
Global
	GlobalSection(SolutionConfigurationPlatforms) = preSolution
		Debug|Any CPU = Debug|Any CPU
		Release|Any CPU = Release|Any CPU
	EndGlobalSection
	GlobalSection(ProjectConfigurationPlatforms) = postSolution
		{20010BAC-8748-4C55-AD43-0805B72F2571}.Debug|Any CPU.ActiveCfg = Debug|Any CPU
		{20010BAC-8748-4C55-AD43-0805B72F2571}.Debug|Any CPU.Build.0 = Debug|Any CPU
		{20010BAC-8748-4C55-AD43-0805B72F2571}.Release|Any CPU.ActiveCfg = Release|Any CPU
		{20010BAC-8748-4C55-AD43-0805B72F2571}.Release|Any CPU.Build.0 = Release|Any CPU
		{8E068461-EDF8-40AB-AFB3-6B63544FB796}.Debug|Any CPU.ActiveCfg = Debug|Any CPU
		{8E068461-EDF8-40AB-AFB3-6B63544FB796}.Debug|Any CPU.Build.0 = Debug|Any CPU
		{8E068461-EDF8-40AB-AFB3-6B63544FB796}.Release|Any CPU.ActiveCfg = Release|Any CPU
		{8E068461-EDF8-40AB-AFB3-6B63544FB796}.Release|Any CPU.Build.0 = Release|Any CPU
		{DC72EEC6-4DCC-4EF4-8492-0C2DAAD64947}.Debug|Any CPU.ActiveCfg = Debug|Any CPU
		{DC72EEC6-4DCC-4EF4-8492-0C2DAAD64947}.Debug|Any CPU.Build.0 = Debug|Any CPU
		{DC72EEC6-4DCC-4EF4-8492-0C2DAAD64947}.Release|Any CPU.ActiveCfg = Release|Any CPU
		{DC72EEC6-4DCC-4EF4-8492-0C2DAAD64947}.Release|Any CPU.Build.0 = Release|Any CPU
		{79E969BE-A433-4B50-9F9F-0700AA967438}.Debug|Any CPU.ActiveCfg = Debug|Any CPU
		{79E969BE-A433-4B50-9F9F-0700AA967438}.Debug|Any CPU.Build.0 = Debug|Any CPU
		{79E969BE-A433-4B50-9F9F-0700AA967438}.Release|Any CPU.ActiveCfg = Release|Any CPU
		{79E969BE-A433-4B50-9F9F-0700AA967438}.Release|Any CPU.Build.0 = Release|Any CPU
		{22FEF729-9EF8-4615-816E-0A39735AE9D3}.Debug|Any CPU.ActiveCfg = Debug|Any CPU
		{22FEF729-9EF8-4615-816E-0A39735AE9D3}.Debug|Any CPU.Build.0 = Debug|Any CPU
		{22FEF729-9EF8-4615-816E-0A39735AE9D3}.Release|Any CPU.ActiveCfg = Release|Any CPU
		{22FEF729-9EF8-4615-816E-0A39735AE9D3}.Release|Any CPU.Build.0 = Release|Any CPU
		{F41651BD-73F4-4866-98B8-908D02994E75}.Debug|Any CPU.ActiveCfg = Debug|Any CPU
		{F41651BD-73F4-4866-98B8-908D02994E75}.Debug|Any CPU.Build.0 = Debug|Any CPU
		{F41651BD-73F4-4866-98B8-908D02994E75}.Debug|Any CPU.Deploy.0 = Debug|Any CPU
		{F41651BD-73F4-4866-98B8-908D02994E75}.Release|Any CPU.ActiveCfg = Release|Any CPU
		{F41651BD-73F4-4866-98B8-908D02994E75}.Release|Any CPU.Build.0 = Release|Any CPU
		{F41651BD-73F4-4866-98B8-908D02994E75}.Release|Any CPU.Deploy.0 = Release|Any CPU
		{0BE496D5-4DE1-4AA3-ADA9-46A66A9ECA03}.Debug|Any CPU.ActiveCfg = Debug|Any CPU
		{0BE496D5-4DE1-4AA3-ADA9-46A66A9ECA03}.Debug|Any CPU.Build.0 = Debug|Any CPU
		{0BE496D5-4DE1-4AA3-ADA9-46A66A9ECA03}.Release|Any CPU.ActiveCfg = Release|Any CPU
		{0BE496D5-4DE1-4AA3-ADA9-46A66A9ECA03}.Release|Any CPU.Build.0 = Release|Any CPU
	EndGlobalSection
	GlobalSection(SolutionProperties) = preSolution
		HideSolutionNode = FALSE
	EndGlobalSection
	GlobalSection(ExtensibilityGlobals) = postSolution
		SolutionGuid = {EE3F6239-357B-4BD2-87E7-6C2169349E6B}
	EndGlobalSection
EndGlobal
